
Microsoft Visual Studio Solution File, Format Version 12.00
# Visual Studio Version 17
VisualStudioVersion = 17.5.002.0
MinimumVisualStudioVersion = 10.0.40219.1
Project("{9A19103F-16F7-4668-BE54-9A1E7A4F7556}") = "mcdonalds-api", "mcdonalds-api.csproj", "{79D12B8C-5F54-4989-9E9B-A777AA47CAA0}"
EndProject
Global
	GlobalSection(SolutionConfigurationPlatforms) = preSolution
		Debug|Any CPU = Debug|Any CPU
		Release|Any CPU = Release|Any CPU
	EndGlobalSection
	GlobalSection(ProjectConfigurationPlatforms) = postSolution
		{79D12B8C-5F54-4989-9E9B-A777AA47CAA0}.Debug|Any CPU.ActiveCfg = Debug|Any CPU
		{79D12B8C-5F54-4989-9E9B-A777AA47CAA0}.Debug|Any CPU.Build.0 = Debug|Any CPU
		{79D12B8C-5F54-4989-9E9B-A777AA47CAA0}.Release|Any CPU.ActiveCfg = Release|Any CPU
		{79D12B8C-5F54-4989-9E9B-A777AA47CAA0}.Release|Any CPU.Build.0 = Release|Any CPU
	EndGlobalSection
	GlobalSection(SolutionProperties) = preSolution
		HideSolutionNode = FALSE
	EndGlobalSection
	GlobalSection(ExtensibilityGlobals) = postSolution
		SolutionGuid = {71CE365E-5D40-4B4B-90D6-0DE07EE45452}
	EndGlobalSection
EndGlobal
